Microsoft Visual Studio Solution File, Format Version 12.00
# Visual Studio Version 17
VisualStudioVersion = 17.5.2.0
MinimumVisualStudioVersion = 10.0.40219.1
Project("{2150E333-8FDC-42A3-9474-1A3956D46DE8}") = "dotnet", "dotnet", "{71E6E750-85FD-B5BC-4321-E01377EC6231}"
EndProject
Project("{2150E333-8FDC-42A3-9474-1A3956D46DE8}") = "apps", "apps", "{776DEFC2-A75F-0975-30A6-1F8CF391796A}"
EndProject
Project("{FAE04EC0-301F-11D3-BF4B-00C04F79EFBC}") = "NxMultilanguageMonorepo.Dotnet.TransactionsApi", "dotnet\apps\transactions-api\NxMultilanguageMonorepo.Dotnet.TransactionsApi.csproj", "{E3F7DDCD-1D75-1C58-4D13-6269BD726429}"
EndProject
Project("{FAE04EC0-301F-11D3-BF4B-00C04F79EFBC}") = "NxMultilanguageMonorepo.Dotnet.TransactionsApi.Test", "dotnet\apps\transactions-api-test\NxMultilanguageMonorepo.Dotnet.TransactionsApi.Test.csproj", "{F2651C4A-042B-3C84-0407-9D328791FC9F}"
EndProject
Project("{2150E333-8FDC-42A3-9474-1A3956D46DE8}") = "libs", "libs", "{14BCA09C-AE40-E930-8FB4-DB3E8DC6C2F9}"
EndProject
Project("{FAE04EC0-301F-11D3-BF4B-00C04F79EFBC}") = "NxMultilanguageMonorepo.Dotnet.TransactionsDomainModel", "dotnet\libs\transactions-domain-model\NxMultilanguageMonorepo.Dotnet.TransactionsDomainModel.csproj", "{71D6C74A-AE93-786E-71DF-7931F5A43575}"
EndProject
Project("{FAE04EC0-301F-11D3-BF4B-00C04F79EFBC}") = "NxMultilanguageMonorepo.Dotnet.TransactionsDomainModel.Test", "dotnet\libs\transactions-domain-model-test\NxMultilanguageMonorepo.Dotnet.TransactionsDomainModel.Test.csproj", "{9A573BF2-16BC-160A-93B4-597D602632CC}"
EndProject
Global
	GlobalSection(SolutionConfigurationPlatforms) = preSolution
		Debug|Any CPU = Debug|Any CPU
		Release|Any CPU = Release|Any CPU
	EndGlobalSection
	GlobalSection(ProjectConfigurationPlatforms) = postSolution
		{E3F7DDCD-1D75-1C58-4D13-6269BD726429}.Debug|Any CPU.ActiveCfg = Debug|Any CPU
		{E3F7DDCD-1D75-1C58-4D13-6269BD726429}.Debug|Any CPU.Build.0 = Debug|Any CPU
		{E3F7DDCD-1D75-1C58-4D13-6269BD726429}.Release|Any CPU.ActiveCfg = Release|Any CPU
		{E3F7DDCD-1D75-1C58-4D13-6269BD726429}.Release|Any CPU.Build.0 = Release|Any CPU
		{F2651C4A-042B-3C84-0407-9D328791FC9F}.Debug|Any CPU.ActiveCfg = Debug|Any CPU
		{F2651C4A-042B-3C84-0407-9D328791FC9F}.Debug|Any CPU.Build.0 = Debug|Any CPU
		{F2651C4A-042B-3C84-0407-9D328791FC9F}.Release|Any CPU.ActiveCfg = Release|Any CPU
		{F2651C4A-042B-3C84-0407-9D328791FC9F}.Release|Any CPU.Build.0 = Release|Any CPU
		{71D6C74A-AE93-786E-71DF-7931F5A43575}.Debug|Any CPU.ActiveCfg = Debug|Any CPU
		{71D6C74A-AE93-786E-71DF-7931F5A43575}.Debug|Any CPU.Build.0 = Debug|Any CPU
		{71D6C74A-AE93-786E-71DF-7931F5A43575}.Release|Any CPU.ActiveCfg = Release|Any CPU
		{71D6C74A-AE93-786E-71DF-7931F5A43575}.Release|Any CPU.Build.0 = Release|Any CPU
		{9A573BF2-16BC-160A-93B4-597D602632CC}.Debug|Any CPU.ActiveCfg = Debug|Any CPU
		{9A573BF2-16BC-160A-93B4-597D602632CC}.Debug|Any CPU.Build.0 = Debug|Any CPU
		{9A573BF2-16BC-160A-93B4-597D602632CC}.Release|Any CPU.ActiveCfg = Release|Any CPU
		{9A573BF2-16BC-160A-93B4-597D602632CC}.Release|Any CPU.Build.0 = Release|Any CPU
	EndGlobalSection
	GlobalSection(SolutionProperties) = preSolution
		HideSolutionNode = FALSE
	EndGlobalSection
	GlobalSection(NestedProjects) = preSolution
		{776DEFC2-A75F-0975-30A6-1F8CF391796A} = {71E6E750-85FD-B5BC-4321-E01377EC6231}
		{E3F7DDCD-1D75-1C58-4D13-6269BD726429} = {776DEFC2-A75F-0975-30A6-1F8CF391796A}
		{F2651C4A-042B-3C84-0407-9D328791FC9F} = {776DEFC2-A75F-0975-30A6-1F8CF391796A}
		{14BCA09C-AE40-E930-8FB4-DB3E8DC6C2F9} = {71E6E750-85FD-B5BC-4321-E01377EC6231}
		{71D6C74A-AE93-786E-71DF-7931F5A43575} = {14BCA09C-AE40-E930-8FB4-DB3E8DC6C2F9}
		{9A573BF2-16BC-160A-93B4-597D602632CC} = {14BCA09C-AE40-E930-8FB4-DB3E8DC6C2F9}
	EndGlobalSection
	GlobalSection(ExtensibilityGlobals) = postSolution
		SolutionGuid = {B4E5187C-F62F-4612-AAF1-80CA47BF6F6C}
	EndGlobalSection
EndGlobal
